// !$*UTF8*$!
{
	archiveVersion = 1;
	classes = {
	};
	objectVersion = 50;
	objects = {

/* Begin PBXBuildFile section */
		B3EFF76020DF0557004CDC5B /* AppDelegate.swift in Sources */ = {isa = PBXBuildFile; fileRef = B3EFF75F20DF0557004CDC5B /* AppDelegate.swift */; };
		B3EFF76220DF0557004CDC5B /* ViewController.swift in Sources */ = {isa = PBXBuildFile; fileRef = B3EFF76120DF0557004CDC5B /* ViewController.swift */; };
		B3EFF76520DF0557004CDC5B /* Main.storyboard in Resources */ = {isa = PBXBuildFile; fileRef = B3EFF76320DF0557004CDC5B /* Main.storyboard */; };
		B3EFF76720DF055A004CDC5B /* Assets.xcassets in Resources */ = {isa = PBXBuildFile; fileRef = B3EFF76620DF055A004CDC5B /* Assets.xcassets */; };
		B3EFF76A20DF055A004CDC5B /* LaunchScreen.storyboard in Resources */ = {isa = PBXBuildFile; fileRef = B3EFF76820DF055A004CDC5B /* LaunchScreen.storyboard */; };
		B3EFF77520DF055B004CDC5B /* Cat_YearsTests.swift in Sources */ = {isa = PBXBuildFile; fileRef = B3EFF77420DF055B004CDC5B /* Cat_YearsTests.swift */; };
		B3EFF78020DF055B004CDC5B /* Cat_YearsUITests.swift in Sources */ = {isa = PBXBuildFile; fileRef = B3EFF77F20DF055B004CDC5B /* Cat_YearsUITests.swift */; };
/* End PBXBuildFile section */

/* Begin PBXContainerItemProxy section */
		B3EFF77120DF055B004CDC5B /* PBXContainerItemProxy */ = {
			isa = PBXContainerItemProxy;
			containerPortal = B3EFF75420DF0557004CDC5B /* Project object */;
			proxyType = 1;
			remoteGlobalIDString = B3EFF75B20DF0557004CDC5B;
			remoteInfo = "Cat Years";
		};
		B3EFF77C20DF055B004CDC5B /* PBXContainerItemProxy */ = {
			isa = PBXContainerItemProxy;
			containerPortal = B3EFF75420DF0557004CDC5B /* Project object */;
			proxyType = 1;
			remoteGlobalIDString = B3EFF75B20DF0557004CDC5B;
			remoteInfo = "Cat Years";
		};
/* End PBXContainerItemProxy section */

/* Begin PBXFileReference section */
		B3EFF75C20DF0557004CDC5B /* Cat Years.app */ = {isa = PBXFileReference; explicitFileType = wrapper.application; includeInIndex = 0; path = "Cat Years.app"; sourceTree = BUILT_PRODUCTS_DIR; };
		B3EFF75F20DF0557004CDC5B /* AppDelegate.swift */ = {isa = PBXFileReference; lastKnownFileType = sourcecode.swift; path = AppDelegate.swift; sourceTree = "<group>"; };
		B3EFF76120DF0557004CDC5B /* ViewController.swift */ = {isa = PBXFileReference; lastKnownFileType = sourcecode.swift; path = ViewController.swift; sourceTree = "<group>"; };
		B3EFF76420DF0557004CDC5B /* Base */ = {isa = PBXFileReference; lastKnownFileType = file.storyboard; name = Base; path = Base.lproj/Main.storyboard; sourceTree = "<group>"; };
		B3EFF76620DF055A004CDC5B /* Assets.xcassets */ = {isa = PBXFileReference; lastKnownFileType = folder.assetcatalog; path = Assets.xcassets; sourceTree = "<group>"; };
		B3EFF76920DF055A004CDC5B /* Base */ = {isa = PBXFileReference; lastKnownFileType = file.storyboard; name = Base; path = Base.lproj/LaunchScreen.storyboard; sourceTree = "<group>"; };
		B3EFF76B20DF055A004CDC5B /* Info.plist */ = {isa = PBXFileReference; lastKnownFileType = text.plist.xml; path = Info.plist; sourceTree = "<group>"; };
		B3EFF77020DF055B004CDC5B /* Cat YearsTests.xctest */ = {isa = PBXFileReference; explicitFileType = wrapper.cfbundle; includeInIndex = 0; path = "Cat YearsTests.xctest"; sourceTree = BUILT_PRODUCTS_DIR; };
		B3EFF77420DF055B004CDC5B /* Cat_YearsTests.swift */ = {isa = PBXFileReference; lastKnownFileType = sourcecode.swift; path = Cat_YearsTests.swift; sourceTree = "<group>"; };
		B3EFF77620DF055B004CDC5B /* Info.plist */ = {isa = PBXFileReference; lastKnownFileType = text.plist.xml; path = Info.plist; sourceTree = "<group>"; };
		B3EFF77B20DF055B004CDC5B /* Cat YearsUITests.xctest */ = {isa = PBXFileReference; explicitFileType = wrapper.cfbundle; includeInIndex = 0; path = "Cat YearsUITests.xctest"; sourceTree = BUILT_PRODUCTS_DIR; };
		B3EFF77F20DF055B004CDC5B /* Cat_YearsUITests.swift */ = {isa = PBXFileReference; lastKnownFileType = sourcecode.swift; path = Cat_YearsUITests.swift; sourceTree = "<group>"; };
		B3EFF78120DF055B004CDC5B /* Info.plist */ = {isa = PBXFileReference; lastKnownFileType = text.plist.xml; path = Info.plist; sourceTree = "<group>"; };
/* End PBXFileReference section */

/* Begin PBXFrameworksBuildPhase section */
		B3EFF75920DF0557004CDC5B /* Frameworks */ = {
			isa = PBXFrameworksBuildPhase;
			buildActionMask = 2147483647;
			files = (
			);
			runOnlyForDeploymentPostprocessing = 0;
		};
		B3EFF76D20DF055B004CDC5B /* Frameworks */ = {
			isa = PBXFrameworksBuildPhase;
			buildActionMask = 2147483647;
			files = (
			);
			runOnlyForDeploymentPostprocessing = 0;
		};
		B3EFF77820DF055B004CDC5B /* Frameworks */ = {
			isa = PBXFrameworksBuildPhase;
			buildActionMask = 2147483647;
			files = (
			);
			runOnlyForDeploymentPostprocessing = 0;
		};
/* End PBXFrameworksBuildPhase section */

/* Begin PBXGroup section */
		B3EFF75320DF0557004CDC5B = {
			isa = PBXGroup;
			children = (
				B3EFF75E20DF0557004CDC5B /* Cat Years */,
				B3EFF77320DF055B004CDC5B /* Cat YearsTests */,
				B3EFF77E20DF055B004CDC5B /* Cat YearsUITests */,
				B3EFF75D20DF0557004CDC5B /* Products */,
			);
			sourceTree = "<group>";
		};
		B3EFF75D20DF0557004CDC5B /* Products */ = {
			isa = PBXGroup;
			children = (
				B3EFF75C20DF0557004CDC5B /* Cat Years.app */,
				B3EFF77020DF055B004CDC5B /* Cat YearsTests.xctest */,
				B3EFF77B20DF055B004CDC5B /* Cat YearsUITests.xctest */,
			);
			name = Products;
			sourceTree = "<group>";
		};
		B3EFF75E20DF0557004CDC5B /* Cat Years */ = {
			isa = PBXGroup;
			children = (
				B3EFF75F20DF0557004CDC5B /* AppDelegate.swift */,
				B3EFF76120DF0557004CDC5B /* ViewController.swift */,
				B3EFF76320DF0557004CDC5B /* Main.storyboard */,
				B3EFF76620DF055A004CDC5B /* Assets.xcassets */,
				B3EFF76820DF055A004CDC5B /* LaunchScreen.storyboard */,
				B3EFF76B20DF055A004CDC5B /* Info.plist */,
			);
			path = "Cat Years";
			sourceTree = "<group>";
		};
		B3EFF77320DF055B004CDC5B /* Cat YearsTests */ = {
			isa = PBXGroup;
			children = (
				B3EFF77420DF055B004CDC5B /* Cat_YearsTests.swift */,
				B3EFF77620DF055B004CDC5B /* Info.plist */,
			);
			path = "Cat YearsTests";
			sourceTree = "<group>";
		};
		B3EFF77E20DF055B004CDC5B /* Cat YearsUITests */ = {
			isa = PBXGroup;
			children = (
				B3EFF77F20DF055B004CDC5B /* Cat_YearsUITests.swift */,
				B3EFF78120DF055B004CDC5B /* Info.plist */,
			);
			path = "Cat YearsUITests";
			sourceTree = "<group>";
		};
/* End PBXGroup section */

/* Begin PBXNativeTarget section */
		B3EFF75B20DF0557004CDC5B /* Cat Years */ = {
			isa = PBXNativeTarget;
			buildConfigurationList = B3EFF78420DF055B004CDC5B /* Build configuration list for PBXNativeTarget "Cat Years" */;
			buildPhases = (
				B3EFF75820DF0557004CDC5B /* Sources */,
				B3EFF75920DF0557004CDC5B /* Frameworks */,
				B3EFF75A20DF0557004CDC5B /* Resources */,
			);
			buildRules = (
			);
			dependencies = (
			);
			name = "Cat Years";
			productName = "Cat Years";
			productReference = B3EFF75C20DF0557004CDC5B /* Cat Years.app */;
			productType = "com.apple.product-type.application";
		};
		B3EFF76F20DF055B004CDC5B /* Cat YearsTests */ = {
			isa = PBXNativeTarget;
			buildConfigurationList = B3EFF78720DF055B004CDC5B /* Build configuration list for PBXNativeTarget "Cat YearsTests" */;
			buildPhases = (
				B3EFF76C20DF055B004CDC5B /* Sources */,
				B3EFF76D20DF055B004CDC5B /* Frameworks */,
				B3EFF76E20DF055B004CDC5B /* Resources */,
			);
			buildRules = (
			);
			dependencies = (
				B3EFF77220DF055B004CDC5B /* PBXTargetDependency */,
			);
			name = "Cat YearsTests";
			productName = "Cat YearsTests";
			productReference = B3EFF77020DF055B004CDC5B /* Cat YearsTests.xctest */;
			productType = "com.apple.product-type.bundle.unit-test";
		};
		B3EFF77A20DF055B004CDC5B /* Cat YearsUITests */ = {
			isa = PBXNativeTarget;
			buildConfigurationList = B3EFF78A20DF055B004CDC5B /* Build configuration list for PBXNativeTarget "Cat YearsUITests" */;
			buildPhases = (
				B3EFF77720DF055B004CDC5B /* Sources */,
				B3EFF77820DF055B004CDC5B /* Frameworks */,
				B3EFF77920DF055B004CDC5B /* Resources */,
			);
			buildRules = (
			);
			dependencies = (
				B3EFF77D20DF055B004CDC5B /* PBXTargetDependency */,
			);
			name = "Cat YearsUITests";
			productName = "Cat YearsUITests";
			productReference = B3EFF77B20DF055B004CDC5B /* Cat YearsUITests.xctest */;
			productType = "com.apple.product-type.bundle.ui-testing";
		};
/* End PBXNativeTarget section */

/* Begin PBXProject section */
		B3EFF75420DF0557004CDC5B /* Project object */ = {
			isa = PBXProject;
			attributes = {
				LastSwiftUpdateCheck = 0940;
				LastUpgradeCheck = 0940;
				ORGANIZATIONNAME = "Graham Nessler";
				TargetAttributes = {
					B3EFF75B20DF0557004CDC5B = {
						CreatedOnToolsVersion = 9.4.1;
					};
					B3EFF76F20DF055B004CDC5B = {
						CreatedOnToolsVersion = 9.4.1;
						TestTargetID = B3EFF75B20DF0557004CDC5B;
					};
					B3EFF77A20DF055B004CDC5B = {
						CreatedOnToolsVersion = 9.4.1;
						TestTargetID = B3EFF75B20DF0557004CDC5B;
					};
				};
			};
			buildConfigurationList = B3EFF75720DF0557004CDC5B /* Build configuration list for PBXProject "Cat Years" */;
			compatibilityVersion = "Xcode 9.3";
			developmentRegion = en;
			hasScannedForEncodings = 0;
			knownRegions = (
				en,
				Base,
			);
			mainGroup = B3EFF75320DF0557004CDC5B;
			productRefGroup = B3EFF75D20DF0557004CDC5B /* Products */;
			projectDirPath = "";
			projectRoot = "";
			targets = (
				B3EFF75B20DF0557004CDC5B /* Cat Years */,
				B3EFF76F20DF055B004CDC5B /* Cat YearsTests */,
				B3EFF77A20DF055B004CDC5B /* Cat YearsUITests */,
			);
		};
/* End PBXProject section */

/* Begin PBXResourcesBuildPhase section */
		B3EFF75A20DF0557004CDC5B /* Resources */ = {
			isa = PBXResourcesBuildPhase;
			buildActionMask = 2147483647;
			files = (
				B3EFF76A20DF055A004CDC5B /* LaunchScreen.storyboard in Resources */,
				B3EFF76720DF055A004CDC5B /* Assets.xcassets in Resources */,
				B3EFF76520DF0557004CDC5B /* Main.storyboard in Resources */,
			);
			runOnlyForDeploymentPostprocessing = 0;
		};
		B3EFF76E20DF055B004CDC5B /* Resources */ = {
			isa = PBXResourcesBuildPhase;
			buildActionMask = 2147483647;
			files = (
			);
			runOnlyForDeploymentPostprocessing = 0;
		};
		B3EFF77920DF055B004CDC5B /* Resources */ = {
			isa = PBXResourcesBuildPhase;
			buildActionMask = 2147483647;
			files = (
			);
			runOnlyForDeploymentPostprocessing = 0;
		};
/* End PBXResourcesBuildPhase section */

/* Begin PBXSourcesBuildPhase section */
		B3EFF75820DF0557004CDC5B /* Sources */ = {
			isa = PBXSourcesBuildPhase;
			buildActionMask = 2147483647;
			files = (
				B3EFF76220DF0557004CDC5B /* ViewController.swift in Sources */,
				B3EFF76020DF0557004CDC5B /* AppDelegate.swift in Sources */,
			);
			runOnlyForDeploymentPostprocessing = 0;
		};
		B3EFF76C20DF055B004CDC5B /* Sources */ = {
			isa = PBXSourcesBuildPhase;
			buildActionMask = 2147483647;
			files = (
				B3EFF77520DF055B004CDC5B /* Cat_YearsTests.swift in Sources */,
			);
			runOnlyForDeploymentPostprocessing = 0;
		};
		B3EFF77720DF055B004CDC5B /* Sources */ = {
			isa = PBXSourcesBuildPhase;
			buildActionMask = 2147483647;
			files = (
				B3EFF78020DF055B004CDC5B /* Cat_YearsUITests.swift in Sources */,
			);
			runOnlyForDeploymentPostprocessing = 0;
		};
/* End PBXSourcesBuildPhase section */

/* Begin PBXTargetDependency section */
		B3EFF77220DF055B004CDC5B /* PBXTargetDependency */ = {
			isa = PBXTargetDependency;
			target = B3EFF75B20DF0557004CDC5B /* Cat Years */;
			targetProxy = B3EFF77120DF055B004CDC5B /* PBXContainerItemProxy */;
		};
		B3EFF77D20DF055B004CDC5B /* PBXTargetDependency */ = {
			isa = PBXTargetDependency;
			target = B3EFF75B20DF0557004CDC5B /* Cat Years */;
			targetProxy = B3EFF77C20DF055B004CDC5B /* PBXContainerItemProxy */;
		};
/* End PBXTargetDependency section */

/* Begin PBXVariantGroup section */
		B3EFF76320DF0557004CDC5B /* Main.storyboard */ = {
			isa = PBXVariantGroup;
			children = (
				B3EFF76420DF0557004CDC5B /* Base */,
			);
			name = Main.storyboard;
			sourceTree = "<group>";
		};
		B3EFF76820DF055A004CDC5B /* LaunchScreen.storyboard */ = {
			isa = PBXVariantGroup;
			children = (
				B3EFF76920DF055A004CDC5B /* Base */,
			);
			name = LaunchScreen.storyboard;
			sourceTree = "<group>";
		};
/* End PBXVariantGroup section */

/* Begin XCBuildConfiguration section */
		B3EFF78220DF055B004CDC5B /* Debug */ = {
			isa = XCBuildConfiguration;
			buildSettings = {
				ALWAYS_SEARCH_USER_PATHS = NO;
				CLANG_ANALYZER_NONNULL = YES;
				CLANG_ANALYZER_NUMBER_OBJECT_CONVERSION = YES_AGGRESSIVE;
				CLANG_CXX_LANGUAGE_STANDARD = "gnu++14";
				CLANG_CXX_LIBRARY = "libc++";
				CLANG_ENABLE_MODULES = YES;
				CLANG_ENABLE_OBJC_ARC = YES;
				CLANG_ENABLE_OBJC_WEAK = YES;
				CLANG_WARN_BLOCK_CAPTURE_AUTORELEASING = YES;
				CLANG_WARN_BOOL_CONVERSION = YES;
				CLANG_WARN_COMMA = YES;
				CLANG_WARN_CONSTANT_CONVERSION = YES;
				CLANG_WARN_DEPRECATED_OBJC_IMPLEMENTATIONS = YES;
				CLANG_WARN_DIRECT_OBJC_ISA_USAGE = YES_ERROR;
				CLANG_WARN_DOCUMENTATION_COMMENTS = YES;
				CLANG_WARN_EMPTY_BODY = YES;
				CLANG_WARN_ENUM_CONVERSION = YES;
				CLANG_WARN_INFINITE_RECURSION = YES;
				CLANG_WARN_INT_CONVERSION = YES;
				CLANG_WARN_NON_LITERAL_NULL_CONVERSION = YES;
				CLANG_WARN_OBJC_IMPLICIT_RETAIN_SELF = YES;
				CLANG_WARN_OBJC_LITERAL_CONVERSION = YES;
				CLANG_WARN_OBJC_ROOT_CLASS = YES_ERROR;
				CLANG_WARN_RANGE_LOOP_ANALYSIS = YES;
				CLANG_WARN_STRICT_PROTOTYPES = YES;
				CLANG_WARN_SUSPICIOUS_MOVE = YES;
				CLANG_WARN_UNGUARDED_AVAILABILITY = YES_AGGRESSIVE;
				CLANG_WARN_UNREACHABLE_CODE = YES;
				CLANG_WARN__DUPLICATE_METHOD_MATCH = YES;
				CODE_SIGN_IDENTITY = "iPhone Developer";
				COPY_PHASE_STRIP = NO;
				DEBUG_INFORMATION_FORMAT = dwarf;
				ENABLE_STRICT_OBJC_MSGSEND = YES;
				ENABLE_TESTABILITY = YES;
				GCC_C_LANGUAGE_STANDARD = gnu11;
				GCC_DYNAMIC_NO_PIC = NO;
				GCC_NO_COMMON_BLOCKS = YES;
				GCC_OPTIMIZATION_LEVEL = 0;
				GCC_PREPROCESSOR_DEFINITIONS = (
					"DEBUG=1",
					"$(inherited)",
				);
				GCC_WARN_64_TO_32_BIT_CONVERSION = YES;
				GCC_WARN_ABOUT_RETURN_TYPE = YES_ERROR;
				GCC_WARN_UNDECLARED_SELECTOR = YES;
				GCC_WARN_UNINITIALIZED_AUTOS = YES_AGGRESSIVE;
				GCC_WARN_UNUSED_FUNCTION = YES;
				GCC_WARN_UNUSED_VARIABLE = YES;
				IPHONEOS_DEPLOYMENT_TARGET = 11.4;
				MTL_ENABLE_DEBUG_INFO = YES;
				ONLY_ACTIVE_ARCH = YES;
				SDKROOT = iphoneos;
				SWIFT_ACTIVE_COMPILATION_CONDITIONS = DEBUG;
				SWIFT_OPTIMIZATION_LEVEL = "-Onone";
			};
			name = Debug;
		};
		B3EFF78320DF055B004CDC5B /* Release */ = {
			isa = XCBuildConfiguration;
			buildSettings = {
				ALWAYS_SEARCH_USER_PATHS = NO;
				CLANG_ANALYZER_NONNULL = YES;
				CLANG_ANALYZER_NUMBER_OBJECT_CONVERSION = YES_AGGRESSIVE;
				CLANG_CXX_LANGUAGE_STANDARD = "gnu++14";
				CLANG_CXX_LIBRARY = "libc++";
				CLANG_ENABLE_MODULES = YES;
				CLANG_ENABLE_OBJC_ARC = YES;
				CLANG_ENABLE_OBJC_WEAK = YES;
				CLANG_WARN_BLOCK_CAPTURE_AUTORELEASING = YES;
				CLANG_WARN_BOOL_CONVERSION = YES;
				CLANG_WARN_COMMA = YES;
				CLANG_WARN_CONSTANT_CONVERSION = YES;
				CLANG_WARN_DEPRECATED_OBJC_IMPLEMENTATIONS = YES;
				CLANG_WARN_DIRECT_OBJC_ISA_USAGE = YES_ERROR;
				CLANG_WARN_DOCUMENTATION_COMMENTS = YES;
				CLANG_WARN_EMPTY_BODY = YES;
				CLANG_WARN_ENUM_CONVERSION = YES;
				CLANG_WARN_INFINITE_RECURSION = YES;
				CLANG_WARN_INT_CONVERSION = YES;
				CLANG_WARN_NON_LITERAL_NULL_CONVERSION = YES;
				CLANG_WARN_OBJC_IMPLICIT_RETAIN_SELF = YES;
				CLANG_WARN_OBJC_LITERAL_CONVERSION = YES;
				CLANG_WARN_OBJC_ROOT_CLASS = YES_ERROR;
				CLANG_WARN_RANGE_LOOP_ANALYSIS = YES;
				CLANG_WARN_STRICT_PROTOTYPES = YES;
				CLANG_WARN_SUSPICIOUS_MOVE = YES;
				CLANG_WARN_UNGUARDED_AVAILABILITY = YES_AGGRESSIVE;
				CLANG_WARN_UNREACHABLE_CODE = YES;
				CLANG_WARN__DUPLICATE_METHOD_MATCH = YES;
				CODE_SIGN_IDENTITY = "iPhone Developer";
				COPY_PHASE_STRIP = NO;
				DEBUG_INFORMATION_FORMAT = "dwarf-with-dsym";
				ENABLE_NS_ASSERTIONS = NO;
				ENABLE_STRICT_OBJC_MSGSEND = YES;
				GCC_C_LANGUAGE_STANDARD = gnu11;
				GCC_NO_COMMON_BLOCKS = YES;
				GCC_WARN_64_TO_32_BIT_CONVERSION = YES;
				GCC_WARN_ABOUT_RETURN_TYPE = YES_ERROR;
				GCC_WARN_UNDECLARED_SELECTOR = YES;
				GCC_WARN_UNINITIALIZED_AUTOS = YES_AGGRESSIVE;
				GCC_WARN_UNUSED_FUNCTION = YES;
				GCC_WARN_UNUSED_VARIABLE = YES;
				IPHONEOS_DEPLOYMENT_TARGET = 11.4;
				MTL_ENABLE_DEBUG_INFO = NO;
				SDKROOT = iphoneos;
				SWIFT_COMPILATION_MODE = wholemodule;
				SWIFT_OPTIMIZATION_LEVEL = "-O";
				VALIDATE_PRODUCT = YES;
			};
			name = Release;
		};
		B3EFF78520DF055B004CDC5B /* Debug */ = {
			isa = XCBuildConfiguration;
			buildSettings = {
				ASSETCATALOG_COMPILER_APPICON_NAME = AppIcon;
				CODE_SIGN_STYLE = Automatic;
				INFOPLIST_FILE = "Cat Years/Info.plist";
				LD_RUNPATH_SEARCH_PATHS = (
					"$(inherited)",
					"@executable_path/Frameworks",
				);
				PRODUCT_BUNDLE_IDENTIFIER = "com.grahamnessler.Cat-Years";
				PRODUCT_NAME = "$(TARGET_NAME)";
				SWIFT_VERSION = 4.0;
				TARGETED_DEVICE_FAMILY = "1,2";
			};
			name = Debug;
		};
		B3EFF78620DF055B004CDC5B /* Release */ = {
			isa = XCBuildConfiguration;
			buildSettings = {
				ASSETCATALOG_COMPILER_APPICON_NAME = AppIcon;
				CODE_SIGN_STYLE = Automatic;
				INFOPLIST_FILE = "Cat Years/Info.plist";
				LD_RUNPATH_SEARCH_PATHS = (
					"$(inherited)",
					"@executable_path/Frameworks",
				);
				PRODUCT_BUNDLE_IDENTIFIER = "com.grahamnessler.Cat-Years";
				PRODUCT_NAME = "$(TARGET_NAME)";
				SWIFT_VERSION = 4.0;
				TARGETED_DEVICE_FAMILY = "1,2";
			};
			name = Release;
		};
		B3EFF78820DF055B004CDC5B /* Debug */ = {
			isa = XCBuildConfiguration;
			buildSettings = {
				ALWAYS_EMBED_SWIFT_STANDARD_LIBRARIES = YES;
				BUNDLE_LOADER = "$(TEST_HOST)";
				CODE_SIGN_STYLE = Automatic;
				INFOPLIST_FILE = "Cat YearsTests/Info.plist";
				LD_RUNPATH_SEARCH_PATHS = (
					"$(inherited)",
					"@executable_path/Frameworks",
					"@loader_path/Frameworks",
				);
				PRODUCT_BUNDLE_IDENTIFIER = "com.grahamnessler.Cat-YearsTests";
				PRODUCT_NAME = "$(TARGET_NAME)";
				SWIFT_VERSION = 4.0;
				TARGETED_DEVICE_FAMILY = "1,2";
				TEST_HOST = "$(BUILT_PRODUCTS_DIR)/Cat Years.app/Cat Years";
			};
			name = Debug;
		};
		B3EFF78920DF055B004CDC5B /* Release */ = {
			isa = XCBuildConfiguration;
			buildSettings = {
				ALWAYS_EMBED_SWIFT_STANDARD_LIBRARIES = YES;
				BUNDLE_LOADER = "$(TEST_HOST)";
				CODE_SIGN_STYLE = Automatic;
				INFOPLIST_FILE = "Cat YearsTests/Info.plist";
				LD_RUNPATH_SEARCH_PATHS = (
					"$(inherited)",
					"@executable_path/Frameworks",
					"@loader_path/Frameworks",
				);
				PRODUCT_BUNDLE_IDENTIFIER = "com.grahamnessler.Cat-YearsTests";
				PRODUCT_NAME = "$(TARGET_NAME)";
				SWIFT_VERSION = 4.0;
				TARGETED_DEVICE_FAMILY = "1,2";
				TEST_HOST = "$(BUILT_PRODUCTS_DIR)/Cat Years.app/Cat Years";
			};
			name = Release;
		};
		B3EFF78B20DF055B004CDC5B /* Debug */ = {
			isa = XCBuildConfiguration;
			buildSettings = {
				ALWAYS_EMBED_SWIFT_STANDARD_LIBRARIES = YES;
				CODE_SIGN_STYLE = Automatic;
				INFOPLIST_FILE = "Cat YearsUITests/Info.plist";
				LD_RUNPATH_SEARCH_PATHS = (
					"$(inherited)",
					"@executable_path/Frameworks",
					"@loader_path/Frameworks",
				);
				PRODUCT_BUNDLE_IDENTIFIER = "com.grahamnessler.Cat-YearsUITests";
				PRODUCT_NAME = "$(TARGET_NAME)";
				SWIFT_VERSION = 4.0;
				TARGETED_DEVICE_FAMILY = "1,2";
				TEST_TARGET_NAME = "Cat Years";
			};
			name = Debug;
		};
		B3EFF78C20DF055B004CDC5B /* Release */ = {
			isa = XCBuildConfiguration;
			buildSettings = {
				ALWAYS_EMBED_SWIFT_STANDARD_LIBRARIES = YES;
				CODE_SIGN_STYLE = Automatic;
				INFOPLIST_FILE = "Cat YearsUITests/Info.plist";
				LD_RUNPATH_SEARCH_PATHS = (
					"$(inherited)",
					"@executable_path/Frameworks",
					"@loader_path/Frameworks",
				);
				PRODUCT_BUNDLE_IDENTIFIER = "com.grahamnessler.Cat-YearsUITests";
				PRODUCT_NAME = "$(TARGET_NAME)";
				SWIFT_VERSION = 4.0;
				TARGETED_DEVICE_FAMILY = "1,2";
				TEST_TARGET_NAME = "Cat Years";
			};
			name = Release;
		};
/* End XCBuildConfiguration section */

/* Begin XCConfigurationList section */
		B3EFF75720DF0557004CDC5B /* Build configuration list for PBXProject "Cat Years" */ = {
			isa = XCConfigurationList;
			buildConfigurations = (
				B3EFF78220DF055B004CDC5B /* Debug */,
				B3EFF78320DF055B004CDC5B /* Release */,
			);
			defaultConfigurationIsVisible = 0;
			defaultConfigurationName = Release;
		};
		B3EFF78420DF055B004CDC5B /* Build configuration list for PBXNativeTarget "Cat Years" */ = {
			isa = XCConfigurationList;
			buildConfigurations = (
				B3EFF78520DF055B004CDC5B /* Debug */,
				B3EFF78620DF055B004CDC5B /* Release */,
			);
			defaultConfigurationIsVisible = 0;
			defaultConfigurationName = Release;
		};
		B3EFF78720DF055B004CDC5B /* Build configuration list for PBXNativeTarget "Cat YearsTests" */ = {
			isa = XCConfigurationList;
			buildConfigurations = (
				B3EFF78820DF055B004CDC5B /* Debug */,
				B3EFF78920DF055B004CDC5B /* Release */,
			);
			defaultConfigurationIsVisible = 0;
			defaultConfigurationName = Release;
		};
		B3EFF78A20DF055B004CDC5B /* Build configuration list for PBXNativeTarget "Cat YearsUITests" */ = {
			isa = XCConfigurationList;
			buildConfigurations = (
				B3EFF78B20DF055B004CDC5B /* Debug */,
				B3EFF78C20DF055B004CDC5B /* Release */,
			);
			defaultConfigurationIsVisible = 0;
			defaultConfigurationName = Release;
		};
/* End XCConfigurationList section */
	};
	rootObject = B3EFF75420DF0557004CDC5B /* Project object */;
}
